// !$*UTF8*$!
{
	archiveVersion = 1;
	classes = {
	};
	objectVersion = 50;
	objects = {

/* Begin PBXBuildFile section */
		A51C7D69238D076A00D6DBE9 /* Main.storyboard in Resources */ = {isa = PBXBuildFile; fileRef = A51C7D68238D076A00D6DBE9 /* Main.storyboard */; };
		A51C7D6B238D089400D6DBE9 /* UIColor.swift in Sources */ = {isa = PBXBuildFile; fileRef = A51C7D6A238D089400D6DBE9 /* UIColor.swift */; };
		A51C7D6D238D08B600D6DBE9 /* Calendar.swift in Sources */ = {isa = PBXBuildFile; fileRef = A51C7D6C238D08B600D6DBE9 /* Calendar.swift */; };
		A585087F238D034600458C14 /* AppDelegate.swift in Sources */ = {isa = PBXBuildFile; fileRef = A585087E238D034600458C14 /* AppDelegate.swift */; };
		A5850881238D034600458C14 /* SceneDelegate.swift in Sources */ = {isa = PBXBuildFile; fileRef = A5850880238D034600458C14 /* SceneDelegate.swift */; };
		A5850883238D034600458C14 /* MainViewController.swift in Sources */ = {isa = PBXBuildFile; fileRef = A5850882238D034600458C14 /* MainViewController.swift */; };
		A5850889238D034600458C14 /* AppointmentsSetter.xcdatamodeld in Sources */ = {isa = PBXBuildFile; fileRef = A5850887238D034600458C14 /* AppointmentsSetter.xcdatamodeld */; };
		A585088B238D034D00458C14 /* Assets.xcassets in Resources */ = {isa = PBXBuildFile; fileRef = A585088A238D034D00458C14 /* Assets.xcassets */; };
		A585088E238D034D00458C14 /* LaunchScreen.storyboard in Resources */ = {isa = PBXBuildFile; fileRef = A585088C238D034D00458C14 /* LaunchScreen.storyboard */; };
		A5850897238D03AB00458C14 /* PushSegue.swift in Sources */ = {isa = PBXBuildFile; fileRef = A5850896238D03AB00458C14 /* PushSegue.swift */; };
		A5850899238D03B900458C14 /* PopSegue.swift in Sources */ = {isa = PBXBuildFile; fileRef = A5850898238D03B900458C14 /* PopSegue.swift */; };
		A585089B238D03C600458C14 /* HalfModal.swift in Sources */ = {isa = PBXBuildFile; fileRef = A585089A238D03C600458C14 /* HalfModal.swift */; };
		A585089E238D049200458C14 /* Storage.swift in Sources */ = {isa = PBXBuildFile; fileRef = A585089D238D049200458C14 /* Storage.swift */; };
		A58508A0238D04B100458C14 /* DayItems.swift in Sources */ = {isa = PBXBuildFile; fileRef = A585089F238D04B100458C14 /* DayItems.swift */; };
		A58508A3238D04EF00458C14 /* MonthHeaderView.swift in Sources */ = {isa = PBXBuildFile; fileRef = A58508A2238D04EF00458C14 /* MonthHeaderView.swift */; };
		A58508A5238D051400458C14 /* DayCellView.swift in Sources */ = {isa = PBXBuildFile; fileRef = A58508A4238D051400458C14 /* DayCellView.swift */; };
		A58508A7238D053900458C14 /* CustomNavView.swift in Sources */ = {isa = PBXBuildFile; fileRef = A58508A6238D053900458C14 /* CustomNavView.swift */; };
		A58508A9238D055700458C14 /* RoundButton.swift in Sources */ = {isa = PBXBuildFile; fileRef = A58508A8238D055700458C14 /* RoundButton.swift */; };
		A58508AB238D057600458C14 /* AppointmentCell.swift in Sources */ = {isa = PBXBuildFile; fileRef = A58508AA238D057600458C14 /* AppointmentCell.swift */; };
		A58508AD238D05ED00458C14 /* AppointmentViewController.swift in Sources */ = {isa = PBXBuildFile; fileRef = A58508AC238D05ED00458C14 /* AppointmentViewController.swift */; };
		A58508AF238D064200458C14 /* SavedTableViewController.swift in Sources */ = {isa = PBXBuildFile; fileRef = A58508AE238D064200458C14 /* SavedTableViewController.swift */; };
/* End PBXBuildFile section */

/* Begin PBXFileReference section */
		A51C7D68238D076A00D6DBE9 /* Main.storyboard */ = {isa = PBXFileReference; fileEncoding = 4; lastKnownFileType = file.storyboard; path = Main.storyboard; sourceTree = "<group>"; };
		A51C7D6A238D089400D6DBE9 /* UIColor.swift */ = {isa = PBXFileReference; lastKnownFileType = sourcecode.swift; path = UIColor.swift; sourceTree = "<group>"; };
		A51C7D6C238D08B600D6DBE9 /* Calendar.swift */ = {isa = PBXFileReference; lastKnownFileType = sourcecode.swift; path = Calendar.swift; sourceTree = "<group>"; };
		A585087B238D034600458C14 /* AppointmentsSetter.app */ = {isa = PBXFileReference; explicitFileType = wrapper.application; includeInIndex = 0; path = AppointmentsSetter.app; sourceTree = BUILT_PRODUCTS_DIR; };
		A585087E238D034600458C14 /* AppDelegate.swift */ = {isa = PBXFileReference; lastKnownFileType = sourcecode.swift; path = AppDelegate.swift; sourceTree = "<group>"; };
		A5850880238D034600458C14 /* SceneDelegate.swift */ = {isa = PBXFileReference; lastKnownFileType = sourcecode.swift; path = SceneDelegate.swift; sourceTree = "<group>"; };
		A5850882238D034600458C14 /* MainViewController.swift */ = {isa = PBXFileReference; lastKnownFileType = sourcecode.swift; path = MainViewController.swift; sourceTree = "<group>"; };
		A5850888238D034600458C14 /* AppointmentsSetter.xcdatamodel */ = {isa = PBXFileReference; lastKnownFileType = wrapper.xcdatamodel; path = AppointmentsSetter.xcdatamodel; sourceTree = "<group>"; };
		A585088A238D034D00458C14 /* Assets.xcassets */ = {isa = PBXFileReference; lastKnownFileType = folder.assetcatalog; path = Assets.xcassets; sourceTree = "<group>"; };
		A585088D238D034D00458C14 /* Base */ = {isa = PBXFileReference; lastKnownFileType = file.storyboard; name = Base; path = Base.lproj/LaunchScreen.storyboard; sourceTree = "<group>"; };
		A585088F238D034D00458C14 /* Info.plist */ = {isa = PBXFileReference; lastKnownFileType = text.plist.xml; path = Info.plist; sourceTree = "<group>"; };
		A5850896238D03AB00458C14 /* PushSegue.swift */ = {isa = PBXFileReference; lastKnownFileType = sourcecode.swift; path = PushSegue.swift; sourceTree = "<group>"; };
		A5850898238D03B900458C14 /* PopSegue.swift */ = {isa = PBXFileReference; lastKnownFileType = sourcecode.swift; path = PopSegue.swift; sourceTree = "<group>"; };
		A585089A238D03C600458C14 /* HalfModal.swift */ = {isa = PBXFileReference; lastKnownFileType = sourcecode.swift; path = HalfModal.swift; sourceTree = "<group>"; };
		A585089D238D049200458C14 /* Storage.swift */ = {isa = PBXFileReference; lastKnownFileType = sourcecode.swift; path = Storage.swift; sourceTree = "<group>"; };
		A585089F238D04B100458C14 /* DayItems.swift */ = {isa = PBXFileReference; lastKnownFileType = sourcecode.swift; path = DayItems.swift; sourceTree = "<group>"; };
		A58508A2238D04EF00458C14 /* MonthHeaderView.swift */ = {isa = PBXFileReference; lastKnownFileType = sourcecode.swift; path = MonthHeaderView.swift; sourceTree = "<group>"; };
		A58508A4238D051400458C14 /* DayCellView.swift */ = {isa = PBXFileReference; lastKnownFileType = sourcecode.swift; path = DayCellView.swift; sourceTree = "<group>"; };
		A58508A6238D053900458C14 /* CustomNavView.swift */ = {isa = PBXFileReference; lastKnownFileType = sourcecode.swift; path = CustomNavView.swift; sourceTree = "<group>"; };
		A58508A8238D055700458C14 /* RoundButton.swift */ = {isa = PBXFileReference; lastKnownFileType = sourcecode.swift; path = RoundButton.swift; sourceTree = "<group>"; };
		A58508AA238D057600458C14 /* AppointmentCell.swift */ = {isa = PBXFileReference; lastKnownFileType = sourcecode.swift; path = AppointmentCell.swift; sourceTree = "<group>"; };
		A58508AC238D05ED00458C14 /* AppointmentViewController.swift */ = {isa = PBXFileReference; lastKnownFileType = sourcecode.swift; path = AppointmentViewController.swift; sourceTree = "<group>"; };
		A58508AE238D064200458C14 /* SavedTableViewController.swift */ = {isa = PBXFileReference; lastKnownFileType = sourcecode.swift; path = SavedTableViewController.swift; sourceTree = "<group>"; };
/* End PBXFileReference section */

/* Begin PBXFrameworksBuildPhase section */
		A5850878238D034600458C14 /* Frameworks */ = {
			isa = PBXFrameworksBuildPhase;
			buildActionMask = 2147483647;
			files = (
			);
			runOnlyForDeploymentPostprocessing = 0;
		};
/* End PBXFrameworksBuildPhase section */

/* Begin PBXGroup section */
		A5850872238D034600458C14 = {
			isa = PBXGroup;
			children = (
				A585087D238D034600458C14 /* AppointmentsSetter */,
				A585087C238D034600458C14 /* Products */,
			);
			sourceTree = "<group>";
		};
		A585087C238D034600458C14 /* Products */ = {
			isa = PBXGroup;
			children = (
				A585087B238D034600458C14 /* AppointmentsSetter.app */,
			);
			name = Products;
			sourceTree = "<group>";
		};
		A585087D238D034600458C14 /* AppointmentsSetter */ = {
			isa = PBXGroup;
			children = (
				A58508A1238D04C500458C14 /* Views */,
				A585089C238D048600458C14 /* Models */,
				A5850895238D037300458C14 /* Segues */,
				A585087E238D034600458C14 /* AppDelegate.swift */,
				A5850880238D034600458C14 /* SceneDelegate.swift */,
				A5850882238D034600458C14 /* MainViewController.swift */,
				A58508AC238D05ED00458C14 /* AppointmentViewController.swift */,
				A58508AE238D064200458C14 /* SavedTableViewController.swift */,
				A51C7D6A238D089400D6DBE9 /* UIColor.swift */,
				A51C7D6C238D08B600D6DBE9 /* Calendar.swift */,
				A51C7D68238D076A00D6DBE9 /* Main.storyboard */,
				A5850887238D034600458C14 /* AppointmentsSetter.xcdatamodeld */,
				A585088A238D034D00458C14 /* Assets.xcassets */,
				A585088C238D034D00458C14 /* LaunchScreen.storyboard */,
				A585088F238D034D00458C14 /* Info.plist */,
			);
			path = AppointmentsSetter;
			sourceTree = "<group>";
		};
		A5850895238D037300458C14 /* Segues */ = {
			isa = PBXGroup;
			children = (
				A5850896238D03AB00458C14 /* PushSegue.swift */,
				A5850898238D03B900458C14 /* PopSegue.swift */,
				A585089A238D03C600458C14 /* HalfModal.swift */,
			);
			path = Segues;
			sourceTree = "<group>";
		};
		A585089C238D048600458C14 /* Models */ = {
			isa = PBXGroup;
			children = (
				A585089D238D049200458C14 /* Storage.swift */,
				A585089F238D04B100458C14 /* DayItems.swift */,
			);
			path = Models;
			sourceTree = "<group>";
		};
		A58508A1238D04C500458C14 /* Views */ = {
			isa = PBXGroup;
			children = (
				A58508A2238D04EF00458C14 /* MonthHeaderView.swift */,
				A58508A4238D051400458C14 /* DayCellView.swift */,
				A58508A6238D053900458C14 /* CustomNavView.swift */,
				A58508A8238D055700458C14 /* RoundButton.swift */,
				A58508AA238D057600458C14 /* AppointmentCell.swift */,
			);
			path = Views;
			sourceTree = "<group>";
		};
/* End PBXGroup section */

/* Begin PBXNativeTarget section */
		A585087A238D034600458C14 /* AppointmentsSetter */ = {
			isa = PBXNativeTarget;
			buildConfigurationList = A5850892238D034D00458C14 /* Build configuration list for PBXNativeTarget "AppointmentsSetter" */;
			buildPhases = (
				A5850877238D034600458C14 /* Sources */,
				A5850878238D034600458C14 /* Frameworks */,
				A5850879238D034600458C14 /* Resources */,
			);
			buildRules = (
			);
			dependencies = (
			);
			name = AppointmentsSetter;
			productName = AppointmentsSetter;
			productReference = A585087B238D034600458C14 /* AppointmentsSetter.app */;
			productType = "com.apple.product-type.application";
		};
/* End PBXNativeTarget section */

/* Begin PBXProject section */
		A5850873238D034600458C14 /* Project object */ = {
			isa = PBXProject;
			attributes = {
				LastSwiftUpdateCheck = 1100;
				LastUpgradeCheck = 1100;
				ORGANIZATIONNAME = MarkCh;
				TargetAttributes = {
					A585087A238D034600458C14 = {
						CreatedOnToolsVersion = 11.0;
					};
				};
			};
			buildConfigurationList = A5850876238D034600458C14 /* Build configuration list for PBXProject "AppointmentsSetter" */;
			compatibilityVersion = "Xcode 9.3";
			developmentRegion = en;
			hasScannedForEncodings = 0;
			knownRegions = (
				en,
				Base,
			);
			mainGroup = A5850872238D034600458C14;
			productRefGroup = A585087C238D034600458C14 /* Products */;
			projectDirPath = "";
			projectRoot = "";
			targets = (
				A585087A238D034600458C14 /* AppointmentsSetter */,
			);
		};
/* End PBXProject section */

/* Begin PBXResourcesBuildPhase section */
		A5850879238D034600458C14 /* Resources */ = {
			isa = PBXResourcesBuildPhase;
			buildActionMask = 2147483647;
			files = (
				A51C7D69238D076A00D6DBE9 /* Main.storyboard in Resources */,
				A585088E238D034D00458C14 /* LaunchScreen.storyboard in Resources */,
				A585088B238D034D00458C14 /* Assets.xcassets in Resources */,
			);
			runOnlyForDeploymentPostprocessing = 0;
		};
/* End PBXResourcesBuildPhase section */

/* Begin PBXSourcesBuildPhase section */
		A5850877238D034600458C14 /* Sources */ = {
			isa = PBXSourcesBuildPhase;
			buildActionMask = 2147483647;
			files = (
				A5850889238D034600458C14 /* AppointmentsSetter.xcdatamodeld in Sources */,
				A51C7D6D238D08B600D6DBE9 /* Calendar.swift in Sources */,
				A5850899238D03B900458C14 /* PopSegue.swift in Sources */,
				A5850883238D034600458C14 /* MainViewController.swift in Sources */,
				A58508AF238D064200458C14 /* SavedTableViewController.swift in Sources */,
				A58508AD238D05ED00458C14 /* AppointmentViewController.swift in Sources */,
				A585089B238D03C600458C14 /* HalfModal.swift in Sources */,
				A51C7D6B238D089400D6DBE9 /* UIColor.swift in Sources */,
				A58508A3238D04EF00458C14 /* MonthHeaderView.swift in Sources */,
				A58508A7238D053900458C14 /* CustomNavView.swift in Sources */,
				A58508A9238D055700458C14 /* RoundButton.swift in Sources */,
				A58508AB238D057600458C14 /* AppointmentCell.swift in Sources */,
				A58508A0238D04B100458C14 /* DayItems.swift in Sources */,
				A5850897238D03AB00458C14 /* PushSegue.swift in Sources */,
				A585089E238D049200458C14 /* Storage.swift in Sources */,
				A585087F238D034600458C14 /* AppDelegate.swift in Sources */,
				A5850881238D034600458C14 /* SceneDelegate.swift in Sources */,
				A58508A5238D051400458C14 /* DayCellView.swift in Sources */,
			);
			runOnlyForDeploymentPostprocessing = 0;
		};
/* End PBXSourcesBuildPhase section */

/* Begin PBXVariantGroup section */
		A585088C238D034D00458C14 /* LaunchScreen.storyboard */ = {
			isa = PBXVariantGroup;
			children = (
				A585088D238D034D00458C14 /* Base */,
			);
			name = LaunchScreen.storyboard;
			sourceTree = "<group>";
		};
/* End PBXVariantGroup section */

/* Begin XCBuildConfiguration section */
		A5850890238D034D00458C14 /* Debug */ = {
			isa = XCBuildConfiguration;
			buildSettings = {
				ALWAYS_SEARCH_USER_PATHS = NO;
				CLANG_ANALYZER_NONNULL = YES;
				CLANG_ANALYZER_NUMBER_OBJECT_CONVERSION = YES_AGGRESSIVE;
				CLANG_CXX_LANGUAGE_STANDARD = "gnu++14";
				CLANG_CXX_LIBRARY = "libc++";
				CLANG_ENABLE_MODULES = YES;
				CLANG_ENABLE_OBJC_ARC = YES;
				CLANG_ENABLE_OBJC_WEAK = YES;
				CLANG_WARN_BLOCK_CAPTURE_AUTORELEASING = YES;
				CLANG_WARN_BOOL_CONVERSION = YES;
				CLANG_WARN_COMMA = YES;
				CLANG_WARN_CONSTANT_CONVERSION = YES;
				CLANG_WARN_DEPRECATED_OBJC_IMPLEMENTATIONS = YES;
				CLANG_WARN_DIRECT_OBJC_ISA_USAGE = YES_ERROR;
				CLANG_WARN_DOCUMENTATION_COMMENTS = YES;
				CLANG_WARN_EMPTY_BODY = YES;
				CLANG_WARN_ENUM_CONVERSION = YES;
				CLANG_WARN_INFINITE_RECURSION = YES;
				CLANG_WARN_INT_CONVERSION = YES;
				CLANG_WARN_NON_LITERAL_NULL_CONVERSION = YES;
				CLANG_WARN_OBJC_IMPLICIT_RETAIN_SELF = YES;
				CLANG_WARN_OBJC_LITERAL_CONVERSION = YES;
				CLANG_WARN_OBJC_ROOT_CLASS = YES_ERROR;
				CLANG_WARN_RANGE_LOOP_ANALYSIS = YES;
				CLANG_WARN_STRICT_PROTOTYPES = YES;
				CLANG_WARN_SUSPICIOUS_MOVE = YES;
				CLANG_WARN_UNGUARDED_AVAILABILITY = YES_AGGRESSIVE;
				CLANG_WARN_UNREACHABLE_CODE = YES;
				CLANG_WARN__DUPLICATE_METHOD_MATCH = YES;
				COPY_PHASE_STRIP = NO;
				DEBUG_INFORMATION_FORMAT = dwarf;
				ENABLE_STRICT_OBJC_MSGSEND = YES;
				ENABLE_TESTABILITY = YES;
				GCC_C_LANGUAGE_STANDARD = gnu11;
				GCC_DYNAMIC_NO_PIC = NO;
				GCC_NO_COMMON_BLOCKS = YES;
				GCC_OPTIMIZATION_LEVEL = 0;
				GCC_PREPROCESSOR_DEFINITIONS = (
					"DEBUG=1",
					"$(inherited)",
				);
				GCC_WARN_64_TO_32_BIT_CONVERSION = YES;
				GCC_WARN_ABOUT_RETURN_TYPE = YES_ERROR;
				GCC_WARN_UNDECLARED_SELECTOR = YES;
				GCC_WARN_UNINITIALIZED_AUTOS = YES_AGGRESSIVE;
				GCC_WARN_UNUSED_FUNCTION = YES;
				GCC_WARN_UNUSED_VARIABLE = YES;
				IPHONEOS_DEPLOYMENT_TARGET = 13.0;
				MTL_ENABLE_DEBUG_INFO = INCLUDE_SOURCE;
				MTL_FAST_MATH = YES;
				ONLY_ACTIVE_ARCH = YES;
				SDKROOT = iphoneos;
				SWIFT_ACTIVE_COMPILATION_CONDITIONS = DEBUG;
				SWIFT_OPTIMIZATION_LEVEL = "-Onone";
			};
			name = Debug;
		};
		A5850891238D034D00458C14 /* Release */ = {
			isa = XCBuildConfiguration;
			buildSettings = {
				ALWAYS_SEARCH_USER_PATHS = NO;
				CLANG_ANALYZER_NONNULL = YES;
				CLANG_ANALYZER_NUMBER_OBJECT_CONVERSION = YES_AGGRESSIVE;
				CLANG_CXX_LANGUAGE_STANDARD = "gnu++14";
				CLANG_CXX_LIBRARY = "libc++";
				CLANG_ENABLE_MODULES = YES;
				CLANG_ENABLE_OBJC_ARC = YES;
				CLANG_ENABLE_OBJC_WEAK = YES;
				CLANG_WARN_BLOCK_CAPTURE_AUTORELEASING = YES;
				CLANG_WARN_BOOL_CONVERSION = YES;
				CLANG_WARN_COMMA = YES;
				CLANG_WARN_CONSTANT_CONVERSION = YES;
				CLANG_WARN_DEPRECATED_OBJC_IMPLEMENTATIONS = YES;
				CLANG_WARN_DIRECT_OBJC_ISA_USAGE = YES_ERROR;
				CLANG_WARN_DOCUMENTATION_COMMENTS = YES;
				CLANG_WARN_EMPTY_BODY = YES;
				CLANG_WARN_ENUM_CONVERSION = YES;
				CLANG_WARN_INFINITE_RECURSION = YES;
				CLANG_WARN_INT_CONVERSION = YES;
				CLANG_WARN_NON_LITERAL_NULL_CONVERSION = YES;
				CLANG_WARN_OBJC_IMPLICIT_RETAIN_SELF = YES;
				CLANG_WARN_OBJC_LITERAL_CONVERSION = YES;
				CLANG_WARN_OBJC_ROOT_CLASS = YES_ERROR;
				CLANG_WARN_RANGE_LOOP_ANALYSIS = YES;
				CLANG_WARN_STRICT_PROTOTYPES = YES;
				CLANG_WARN_SUSPICIOUS_MOVE = YES;
				CLANG_WARN_UNGUARDED_AVAILABILITY = YES_AGGRESSIVE;
				CLANG_WARN_UNREACHABLE_CODE = YES;
				CLANG_WARN__DUPLICATE_METHOD_MATCH = YES;
				COPY_PHASE_STRIP = NO;
				DEBUG_INFORMATION_FORMAT = "dwarf-with-dsym";
				ENABLE_NS_ASSERTIONS = NO;
				ENABLE_STRICT_OBJC_MSGSEND = YES;
				GCC_C_LANGUAGE_STANDARD = gnu11;
				GCC_NO_COMMON_BLOCKS = YES;
				GCC_WARN_64_TO_32_BIT_CONVERSION = YES;
				GCC_WARN_ABOUT_RETURN_TYPE = YES_ERROR;
				GCC_WARN_UNDECLARED_SELECTOR = YES;
				GCC_WARN_UNINITIALIZED_AUTOS = YES_AGGRESSIVE;
				GCC_WARN_UNUSED_FUNCTION = YES;
				GCC_WARN_UNUSED_VARIABLE = YES;
				IPHONEOS_DEPLOYMENT_TARGET = 13.0;
				MTL_ENABLE_DEBUG_INFO = NO;
				MTL_FAST_MATH = YES;
				SDKROOT = iphoneos;
				SWIFT_COMPILATION_MODE = wholemodule;
				SWIFT_OPTIMIZATION_LEVEL = "-O";
				VALIDATE_PRODUCT = YES;
			};
			name = Release;
		};
		A5850893238D034D00458C14 /* Debug */ = {
			isa = XCBuildConfiguration;
			buildSettings = {
				ASSETCATALOG_COMPILER_APPICON_NAME = AppIcon;
				CODE_SIGN_STYLE = Automatic;
				INFOPLIST_FILE = AppointmentsSetter/Info.plist;
				LD_RUNPATH_SEARCH_PATHS = (
					"$(inherited)",
					"@executable_path/Frameworks",
				);
				PRODUCT_BUNDLE_IDENTIFIER = mark.AppointmentsSetter;
				PRODUCT_NAME = "$(TARGET_NAME)";
				SWIFT_VERSION = 5.0;
				TARGETED_DEVICE_FAMILY = 1;
			};
			name = Debug;
		};
		A5850894238D034D00458C14 /* Release */ = {
			isa = XCBuildConfiguration;
			buildSettings = {
				ASSETCATALOG_COMPILER_APPICON_NAME = AppIcon;
				CODE_SIGN_STYLE = Automatic;
				INFOPLIST_FILE = AppointmentsSetter/Info.plist;
				LD_RUNPATH_SEARCH_PATHS = (
					"$(inherited)",
					"@executable_path/Frameworks",
				);
				PRODUCT_BUNDLE_IDENTIFIER = mark.AppointmentsSetter;
				PRODUCT_NAME = "$(TARGET_NAME)";
				SWIFT_VERSION = 5.0;
				TARGETED_DEVICE_FAMILY = 1;
			};
			name = Release;
		};
/* End XCBuildConfiguration section */

/* Begin XCConfigurationList section */
		A5850876238D034600458C14 /* Build configuration list for PBXProject "AppointmentsSetter" */ = {
			isa = XCConfigurationList;
			buildConfigurations = (
				A5850890238D034D00458C14 /* Debug */,
				A5850891238D034D00458C14 /* Release */,
			);
			defaultConfigurationIsVisible = 0;
			defaultConfigurationName = Release;
		};
		A5850892238D034D00458C14 /* Build configuration list for PBXNativeTarget "AppointmentsSetter" */ = {
			isa = XCConfigurationList;
			buildConfigurations = (
				A5850893238D034D00458C14 /* Debug */,
				A5850894238D034D00458C14 /* Release */,
			);
			defaultConfigurationIsVisible = 0;
			defaultConfigurationName = Release;
		};
/* End XCConfigurationList section */

/* Begin XCVersionGroup section */
		A5850887238D034600458C14 /* AppointmentsSetter.xcdatamodeld */ = {
			isa = XCVersionGroup;
			children = (
				A5850888238D034600458C14 /* AppointmentsSetter.xcdatamodel */,
			);
			currentVersion = A5850888238D034600458C14 /* AppointmentsSetter.xcdatamodel */;
			path = AppointmentsSetter.xcdatamodeld;
			sourceTree = "<group>";
			versionGroupType = wrapper.xcdatamodel;
		};
/* End XCVersionGroup section */
	};
	rootObject = A5850873238D034600458C14 /* Project object */;
}
